
Microsoft Visual Studio Solution File, Format Version 12.00
# Visual Studio Version 17
VisualStudioVersion = 17.12.35527.113
MinimumVisualStudioVersion = 10.0.40219.1
Project("{FAE04EC0-301F-11D3-BF4B-00C04F79EFBC}") = "L3glGroupe1", "L3glGroupe1\L3glGroupe1.csproj", "{B6F9C83A-4119-47D6-9236-C1C424AC51EC}"
EndProject
Project("{FAE04EC0-301F-11D3-BF4B-00C04F79EFBC}") = "Appreciaction", "Appreciaction\Appreciaction.csproj", "{8ED85AC6-6498-4470-BC2D-5F9BE473AA8C}"
EndProject
Project("{FAE04EC0-301F-11D3-BF4B-00C04F79EFBC}") = "TableMultiplication_for", "TableMultiplication_for\TableMultiplication_for.csproj", "{BCFE8953-912F-4C77-A73A-0172C14CF7D4}"
EndProject
Project("{2150E333-8FDC-42A3-9474-1A3956D46DE8}") = "Éléments de solution", "Éléments de solution", "{D6C3684E-2FF7-42DB-820B-7A2E07EC8D2C}"
	ProjectSection(SolutionItems) = preProject
		.gitignore = .gitignore
	EndProjectSection
EndProject
Project("{FAE04EC0-301F-11D3-BF4B-00C04F79EFBC}") = "Factorielle", "Factorielle\Factorielle.csproj", "{8296313E-53AE-42CE-911D-AFFC79F5B3E9}"
EndProject
Project("{FAE04EC0-301F-11D3-BF4B-00C04F79EFBC}") = "Assurance", "Assurance\Assurance.csproj", "{BD9F93CF-F966-4ED0-A70B-A2B252D92A66}"
EndProject
Global
	GlobalSection(SolutionConfigurationPlatforms) = preSolution
		Debug|Any CPU = Debug|Any CPU
		Release|Any CPU = Release|Any CPU
	EndGlobalSection
	GlobalSection(ProjectConfigurationPlatforms) = postSolution
		{B6F9C83A-4119-47D6-9236-C1C424AC51EC}.Debug|Any CPU.ActiveCfg = Debug|Any CPU
		{B6F9C83A-4119-47D6-9236-C1C424AC51EC}.Debug|Any CPU.Build.0 = Debug|Any CPU
		{B6F9C83A-4119-47D6-9236-C1C424AC51EC}.Release|Any CPU.ActiveCfg = Release|Any CPU
		{B6F9C83A-4119-47D6-9236-C1C424AC51EC}.Release|Any CPU.Build.0 = Release|Any CPU
		{8ED85AC6-6498-4470-BC2D-5F9BE473AA8C}.Debug|Any CPU.ActiveCfg = Debug|Any CPU
		{8ED85AC6-6498-4470-BC2D-5F9BE473AA8C}.Debug|Any CPU.Build.0 = Debug|Any CPU
		{8ED85AC6-6498-4470-BC2D-5F9BE473AA8C}.Release|Any CPU.ActiveCfg = Release|Any CPU
		{8ED85AC6-6498-4470-BC2D-5F9BE473AA8C}.Release|Any CPU.Build.0 = Release|Any CPU
		{BCFE8953-912F-4C77-A73A-0172C14CF7D4}.Debug|Any CPU.ActiveCfg = Debug|Any CPU
		{BCFE8953-912F-4C77-A73A-0172C14CF7D4}.Debug|Any CPU.Build.0 = Debug|Any CPU
		{BCFE8953-912F-4C77-A73A-0172C14CF7D4}.Release|Any CPU.ActiveCfg = Release|Any CPU
		{BCFE8953-912F-4C77-A73A-0172C14CF7D4}.Release|Any CPU.Build.0 = Release|Any CPU
		{8296313E-53AE-42CE-911D-AFFC79F5B3E9}.Debug|Any CPU.ActiveCfg = Debug|Any CPU
		{8296313E-53AE-42CE-911D-AFFC79F5B3E9}.Debug|Any CPU.Build.0 = Debug|Any CPU
		{8296313E-53AE-42CE-911D-AFFC79F5B3E9}.Release|Any CPU.ActiveCfg = Release|Any CPU
		{8296313E-53AE-42CE-911D-AFFC79F5B3E9}.Release|Any CPU.Build.0 = Release|Any CPU
		{BD9F93CF-F966-4ED0-A70B-A2B252D92A66}.Debug|Any CPU.ActiveCfg = Debug|Any CPU
		{BD9F93CF-F966-4ED0-A70B-A2B252D92A66}.Debug|Any CPU.Build.0 = Debug|Any CPU
		{BD9F93CF-F966-4ED0-A70B-A2B252D92A66}.Release|Any CPU.ActiveCfg = Release|Any CPU
		{BD9F93CF-F966-4ED0-A70B-A2B252D92A66}.Release|Any CPU.Build.0 = Release|Any CPU
	EndGlobalSection
	GlobalSection(SolutionProperties) = preSolution
		HideSolutionNode = FALSE
	EndGlobalSection
EndGlobal
